
Microsoft Visual Studio Solution File, Format Version 12.00
# Visual Studio Version 16
VisualStudioVersion = 16.0.29519.181
MinimumVisualStudioVersion = 10.0.40219.1
Project("{FAE04EC0-301F-11D3-BF4B-00C04F79EFBC}") = "dw_sudoku_exam.UWP", "dw_sudoku_exam.UWP\dw_sudoku_exam.UWP.csproj", "{638545B7-2C70-490A-A953-7FA1D7A40D3E}"
EndProject
Project("{FAE04EC0-301F-11D3-BF4B-00C04F79EFBC}") = "dw_sudoku_exam.Android", "dw_sudoku_exam.Android\dw_sudoku_exam.Android.csproj", "{04CAA86F-B839-426C-BBE4-5EE597DC52B1}"
EndProject
Project("{FAE04EC0-301F-11D3-BF4B-00C04F79EFBC}") = "dw_sudoku_exam", "dw_sudoku_exam\dw_sudoku_exam.csproj", "{49D474BE-EAFD-4A83-A89F-191FE3D3BB84}"
EndProject
Project("{9A19103F-16F7-4668-BE54-9A1E7A4F7556}") = "dw_sudoku_exam_test", "dw_sudoku_exam_test\dw_sudoku_exam_test.csproj", "{9FC81E8B-DE0C-4BD1-99AF-7E5C5AFC5EC1}"
	ProjectSection(ProjectDependencies) = postProject
		{49D474BE-EAFD-4A83-A89F-191FE3D3BB84} = {49D474BE-EAFD-4A83-A89F-191FE3D3BB84}
	EndProjectSection
EndProject
Global
	GlobalSection(SolutionConfigurationPlatforms) = preSolution
		Debug|Any CPU = Debug|Any CPU
		Debug|ARM = Debug|ARM
		Debug|x64 = Debug|x64
		Debug|x86 = Debug|x86
		Release|Any CPU = Release|Any CPU
		Release|ARM = Release|ARM
		Release|x64 = Release|x64
		Release|x86 = Release|x86
	EndGlobalSection
	GlobalSection(ProjectConfigurationPlatforms) = postSolution
		{638545B7-2C70-490A-A953-7FA1D7A40D3E}.Debug|Any CPU.ActiveCfg = Debug|x86
		{638545B7-2C70-490A-A953-7FA1D7A40D3E}.Debug|Any CPU.Build.0 = Debug|x86
		{638545B7-2C70-490A-A953-7FA1D7A40D3E}.Debug|Any CPU.Deploy.0 = Debug|x86
		{638545B7-2C70-490A-A953-7FA1D7A40D3E}.Debug|ARM.ActiveCfg = Debug|ARM
		{638545B7-2C70-490A-A953-7FA1D7A40D3E}.Debug|ARM.Build.0 = Debug|ARM
		{638545B7-2C70-490A-A953-7FA1D7A40D3E}.Debug|ARM.Deploy.0 = Debug|ARM
		{638545B7-2C70-490A-A953-7FA1D7A40D3E}.Debug|x64.ActiveCfg = Debug|x64
		{638545B7-2C70-490A-A953-7FA1D7A40D3E}.Debug|x64.Build.0 = Debug|x64
		{638545B7-2C70-490A-A953-7FA1D7A40D3E}.Debug|x64.Deploy.0 = Debug|x64
		{638545B7-2C70-490A-A953-7FA1D7A40D3E}.Debug|x86.ActiveCfg = Debug|x86
		{638545B7-2C70-490A-A953-7FA1D7A40D3E}.Debug|x86.Build.0 = Debug|x86
		{638545B7-2C70-490A-A953-7FA1D7A40D3E}.Debug|x86.Deploy.0 = Debug|x86
		{638545B7-2C70-490A-A953-7FA1D7A40D3E}.Release|Any CPU.ActiveCfg = Release|x86
		{638545B7-2C70-490A-A953-7FA1D7A40D3E}.Release|Any CPU.Build.0 = Release|x86
		{638545B7-2C70-490A-A953-7FA1D7A40D3E}.Release|Any CPU.Deploy.0 = Release|x86
		{638545B7-2C70-490A-A953-7FA1D7A40D3E}.Release|ARM.ActiveCfg = Release|ARM
		{638545B7-2C70-490A-A953-7FA1D7A40D3E}.Release|ARM.Build.0 = Release|ARM
		{638545B7-2C70-490A-A953-7FA1D7A40D3E}.Release|ARM.Deploy.0 = Release|ARM
		{638545B7-2C70-490A-A953-7FA1D7A40D3E}.Release|x64.ActiveCfg = Release|x64
		{638545B7-2C70-490A-A953-7FA1D7A40D3E}.Release|x64.Build.0 = Release|x64
		{638545B7-2C70-490A-A953-7FA1D7A40D3E}.Release|x64.Deploy.0 = Release|x64
		{638545B7-2C70-490A-A953-7FA1D7A40D3E}.Release|x86.ActiveCfg = Release|x86
		{638545B7-2C70-490A-A953-7FA1D7A40D3E}.Release|x86.Build.0 = Release|x86
		{638545B7-2C70-490A-A953-7FA1D7A40D3E}.Release|x86.Deploy.0 = Release|x86
		{04CAA86F-B839-426C-BBE4-5EE597DC52B1}.Debug|Any CPU.ActiveCfg = Debug|Any CPU
		{04CAA86F-B839-426C-BBE4-5EE597DC52B1}.Debug|Any CPU.Build.0 = Debug|Any CPU
		{04CAA86F-B839-426C-BBE4-5EE597DC52B1}.Debug|Any CPU.Deploy.0 = Debug|Any CPU
		{04CAA86F-B839-426C-BBE4-5EE597DC52B1}.Debug|ARM.ActiveCfg = Debug|Any CPU
		{04CAA86F-B839-426C-BBE4-5EE597DC52B1}.Debug|ARM.Build.0 = Debug|Any CPU
		{04CAA86F-B839-426C-BBE4-5EE597DC52B1}.Debug|ARM.Deploy.0 = Debug|Any CPU
		{04CAA86F-B839-426C-BBE4-5EE597DC52B1}.Debug|x64.ActiveCfg = Debug|Any CPU
		{04CAA86F-B839-426C-BBE4-5EE597DC52B1}.Debug|x64.Build.0 = Debug|Any CPU
		{04CAA86F-B839-426C-BBE4-5EE597DC52B1}.Debug|x64.Deploy.0 = Debug|Any CPU
		{04CAA86F-B839-426C-BBE4-5EE597DC52B1}.Debug|x86.ActiveCfg = Debug|Any CPU
		{04CAA86F-B839-426C-BBE4-5EE597DC52B1}.Debug|x86.Build.0 = Debug|Any CPU
		{04CAA86F-B839-426C-BBE4-5EE597DC52B1}.Debug|x86.Deploy.0 = Debug|Any CPU
		{04CAA86F-B839-426C-BBE4-5EE597DC52B1}.Release|Any CPU.ActiveCfg = Release|Any CPU
		{04CAA86F-B839-426C-BBE4-5EE597DC52B1}.Release|Any CPU.Build.0 = Release|Any CPU
		{04CAA86F-B839-426C-BBE4-5EE597DC52B1}.Release|Any CPU.Deploy.0 = Release|Any CPU
		{04CAA86F-B839-426C-BBE4-5EE597DC52B1}.Release|ARM.ActiveCfg = Release|Any CPU
		{04CAA86F-B839-426C-BBE4-5EE597DC52B1}.Release|ARM.Build.0 = Release|Any CPU
		{04CAA86F-B839-426C-BBE4-5EE597DC52B1}.Release|ARM.Deploy.0 = Release|Any CPU
		{04CAA86F-B839-426C-BBE4-5EE597DC52B1}.Release|x64.ActiveCfg = Release|Any CPU
		{04CAA86F-B839-426C-BBE4-5EE597DC52B1}.Release|x64.Build.0 = Release|Any CPU
		{04CAA86F-B839-426C-BBE4-5EE597DC52B1}.Release|x64.Deploy.0 = Release|Any CPU
		{04CAA86F-B839-426C-BBE4-5EE597DC52B1}.Release|x86.ActiveCfg = Release|Any CPU
		{04CAA86F-B839-426C-BBE4-5EE597DC52B1}.Release|x86.Build.0 = Release|Any CPU
		{04CAA86F-B839-426C-BBE4-5EE597DC52B1}.Release|x86.Deploy.0 = Release|Any CPU
		{49D474BE-EAFD-4A83-A89F-191FE3D3BB84}.Debug|Any CPU.ActiveCfg = Debug|Any CPU
		{49D474BE-EAFD-4A83-A89F-191FE3D3BB84}.Debug|Any CPU.Build.0 = Debug|Any CPU
		{49D474BE-EAFD-4A83-A89F-191FE3D3BB84}.Debug|Any CPU.Deploy.0 = Debug|Any CPU
		{49D474BE-EAFD-4A83-A89F-191FE3D3BB84}.Debug|ARM.ActiveCfg = Debug|Any CPU
		{49D474BE-EAFD-4A83-A89F-191FE3D3BB84}.Debug|ARM.Build.0 = Debug|Any CPU
		{49D474BE-EAFD-4A83-A89F-191FE3D3BB84}.Debug|ARM.Deploy.0 = Debug|Any CPU
		{49D474BE-EAFD-4A83-A89F-191FE3D3BB84}.Debug|x64.ActiveCfg = Debug|Any CPU
		{49D474BE-EAFD-4A83-A89F-191FE3D3BB84}.Debug|x64.Build.0 = Debug|Any CPU
		{49D474BE-EAFD-4A83-A89F-191FE3D3BB84}.Debug|x64.Deploy.0 = Debug|Any CPU
		{49D474BE-EAFD-4A83-A89F-191FE3D3BB84}.Debug|x86.ActiveCfg = Debug|Any CPU
		{49D474BE-EAFD-4A83-A89F-191FE3D3BB84}.Debug|x86.Build.0 = Debug|Any CPU
		{49D474BE-EAFD-4A83-A89F-191FE3D3BB84}.Debug|x86.Deploy.0 = Debug|Any CPU
		{49D474BE-EAFD-4A83-A89F-191FE3D3BB84}.Release|Any CPU.ActiveCfg = Release|Any CPU
		{49D474BE-EAFD-4A83-A89F-191FE3D3BB84}.Release|Any CPU.Build.0 = Release|Any CPU
		{49D474BE-EAFD-4A83-A89F-191FE3D3BB84}.Release|Any CPU.Deploy.0 = Release|Any CPU
		{49D474BE-EAFD-4A83-A89F-191FE3D3BB84}.Release|ARM.ActiveCfg = Release|Any CPU
		{49D474BE-EAFD-4A83-A89F-191FE3D3BB84}.Release|ARM.Build.0 = Release|Any CPU
		{49D474BE-EAFD-4A83-A89F-191FE3D3BB84}.Release|ARM.Deploy.0 = Release|Any CPU
		{49D474BE-EAFD-4A83-A89F-191FE3D3BB84}.Release|x64.ActiveCfg = Release|Any CPU
		{49D474BE-EAFD-4A83-A89F-191FE3D3BB84}.Release|x64.Build.0 = Release|Any CPU
		{49D474BE-EAFD-4A83-A89F-191FE3D3BB84}.Release|x64.Deploy.0 = Release|Any CPU
		{49D474BE-EAFD-4A83-A89F-191FE3D3BB84}.Release|x86.ActiveCfg = Release|Any CPU
		{49D474BE-EAFD-4A83-A89F-191FE3D3BB84}.Release|x86.Build.0 = Release|Any CPU
		{49D474BE-EAFD-4A83-A89F-191FE3D3BB84}.Release|x86.Deploy.0 = Release|Any CPU
		{9FC81E8B-DE0C-4BD1-99AF-7E5C5AFC5EC1}.Debug|Any CPU.ActiveCfg = Debug|Any CPU
		{9FC81E8B-DE0C-4BD1-99AF-7E5C5AFC5EC1}.Debug|Any CPU.Build.0 = Debug|Any CPU
		{9FC81E8B-DE0C-4BD1-99AF-7E5C5AFC5EC1}.Debug|ARM.ActiveCfg = Debug|Any CPU
		{9FC81E8B-DE0C-4BD1-99AF-7E5C5AFC5EC1}.Debug|ARM.Build.0 = Debug|Any CPU
		{9FC81E8B-DE0C-4BD1-99AF-7E5C5AFC5EC1}.Debug|x64.ActiveCfg = Debug|Any CPU
		{9FC81E8B-DE0C-4BD1-99AF-7E5C5AFC5EC1}.Debug|x64.Build.0 = Debug|Any CPU
		{9FC81E8B-DE0C-4BD1-99AF-7E5C5AFC5EC1}.Debug|x86.ActiveCfg = Debug|Any CPU
		{9FC81E8B-DE0C-4BD1-99AF-7E5C5AFC5EC1}.Debug|x86.Build.0 = Debug|Any CPU
		{9FC81E8B-DE0C-4BD1-99AF-7E5C5AFC5EC1}.Release|Any CPU.ActiveCfg = Release|Any CPU
		{9FC81E8B-DE0C-4BD1-99AF-7E5C5AFC5EC1}.Release|Any CPU.Build.0 = Release|Any CPU
		{9FC81E8B-DE0C-4BD1-99AF-7E5C5AFC5EC1}.Release|ARM.ActiveCfg = Release|Any CPU
		{9FC81E8B-DE0C-4BD1-99AF-7E5C5AFC5EC1}.Release|ARM.Build.0 = Release|Any CPU
		{9FC81E8B-DE0C-4BD1-99AF-7E5C5AFC5EC1}.Release|x64.ActiveCfg = Release|Any CPU
		{9FC81E8B-DE0C-4BD1-99AF-7E5C5AFC5EC1}.Release|x64.Build.0 = Release|Any CPU
		{9FC81E8B-DE0C-4BD1-99AF-7E5C5AFC5EC1}.Release|x86.ActiveCfg = Release|Any CPU
		{9FC81E8B-DE0C-4BD1-99AF-7E5C5AFC5EC1}.Release|x86.Build.0 = Release|Any CPU
	EndGlobalSection
	GlobalSection(SolutionProperties) = preSolution
		HideSolutionNode = FALSE
	EndGlobalSection
	GlobalSection(ExtensibilityGlobals) = postSolution
		SolutionGuid = {E0055FC0-AA0C-4AE1-A876-9658283FDCA2}
	EndGlobalSection
EndGlobal
